{
    "name": "fleetmanagerJava-cds",
    "version": "1.0.0",
    "lockfileVersion": 2,
    "requires": true,
    "packages": {
        "": {
            "name": "fleetmanagerJava-cds",
            "version": "1.0.0",
            "license": "ISC",
            "dependencies": {
                "@sap/javaapp-fleet": "file:sap-javaapp-fleet-1.0.0.tgz"
            }
        },
        "node_modules/@sap/javaapp-fleet": {
            "version": "1.0.0",
            "resolved": "file:sap-javaapp-fleet-1.0.0.tgz",
            "integrity": "sha512-2dK2gGvRvyuYPJmHxM7Q20UfVxpURCN9XORh5kTBlj2OGPZhDVgBdOv2lKFcUKXJipqA0OJLNGlm4vmDSJXOVQ==",
            "license": "ISC"
        }
    },
    "dependencies": {
        "@sap/javaapp-fleet": {
            "version": "file:sap-javaapp-fleet-1.0.0.tgz",
            "integrity": "sha512-2dK2gGvRvyuYPJmHxM7Q20UfVxpURCN9XORh5kTBlj2OGPZhDVgBdOv2lKFcUKXJipqA0OJLNGlm4vmDSJXOVQ=="
        }
    }
}
